// !$*UTF8*$!
{
	archiveVersion = 1;
	classes = {
	};
	objectVersion = 50;
	objects = {

/* Begin PBXBuildFile section */
		EB876BF3220B83D200AC31FD /* AppDelegate.swift in Sources */ = {isa = PBXBuildFile; fileRef = EB876BF2220B83D200AC31FD /* AppDelegate.swift */; };
		EB876BF5220B83D200AC31FD /* ViewController.swift in Sources */ = {isa = PBXBuildFile; fileRef = EB876BF4220B83D200AC31FD /* ViewController.swift */; };
		EB876BF8220B83D200AC31FD /* Soaper.xcdatamodeld in Sources */ = {isa = PBXBuildFile; fileRef = EB876BF6220B83D200AC31FD /* Soaper.xcdatamodeld */; };
		EB876BFA220B83D300AC31FD /* Assets.xcassets in Resources */ = {isa = PBXBuildFile; fileRef = EB876BF9220B83D300AC31FD /* Assets.xcassets */; };
		EB876BFD220B83D300AC31FD /* Main.storyboard in Resources */ = {isa = PBXBuildFile; fileRef = EB876BFB220B83D300AC31FD /* Main.storyboard */; };
/* End PBXBuildFile section */

/* Begin PBXFileReference section */
		EB876BEF220B83D100AC31FD /* Soaper.app */ = {isa = PBXFileReference; explicitFileType = wrapper.application; includeInIndex = 0; path = Soaper.app; sourceTree = BUILT_PRODUCTS_DIR; };
		EB876BF2220B83D200AC31FD /* AppDelegate.swift */ = {isa = PBXFileReference; lastKnownFileType = sourcecode.swift; path = AppDelegate.swift; sourceTree = "<group>"; };
		EB876BF4220B83D200AC31FD /* ViewController.swift */ = {isa = PBXFileReference; lastKnownFileType = sourcecode.swift; path = ViewController.swift; sourceTree = "<group>"; };
		EB876BF7220B83D200AC31FD /* Soaper.xcdatamodel */ = {isa = PBXFileReference; lastKnownFileType = wrapper.xcdatamodel; path = Soaper.xcdatamodel; sourceTree = "<group>"; };
		EB876BF9220B83D300AC31FD /* Assets.xcassets */ = {isa = PBXFileReference; lastKnownFileType = folder.assetcatalog; path = Assets.xcassets; sourceTree = "<group>"; };
		EB876BFC220B83D300AC31FD /* Base */ = {isa = PBXFileReference; lastKnownFileType = file.storyboard; name = Base; path = Base.lproj/Main.storyboard; sourceTree = "<group>"; };
		EB876BFE220B83D300AC31FD /* Info.plist */ = {isa = PBXFileReference; lastKnownFileType = text.plist.xml; path = Info.plist; sourceTree = "<group>"; };
		EB876BFF220B83D300AC31FD /* Soaper.entitlements */ = {isa = PBXFileReference; lastKnownFileType = text.plist.entitlements; path = Soaper.entitlements; sourceTree = "<group>"; };
/* End PBXFileReference section */

/* Begin PBXFrameworksBuildPhase section */
		EB876BEC220B83D100AC31FD /* Frameworks */ = {
			isa = PBXFrameworksBuildPhase;
			buildActionMask = 2147483647;
			files = (
			);
			runOnlyForDeploymentPostprocessing = 0;
		};
/* End PBXFrameworksBuildPhase section */

/* Begin PBXGroup section */
		EB876BE6220B83D100AC31FD = {
			isa = PBXGroup;
			children = (
				EB876BF1220B83D200AC31FD /* Soaper */,
				EB876BF0220B83D100AC31FD /* Products */,
			);
			sourceTree = "<group>";
		};
		EB876BF0220B83D100AC31FD /* Products */ = {
			isa = PBXGroup;
			children = (
				EB876BEF220B83D100AC31FD /* Soaper.app */,
			);
			name = Products;
			sourceTree = "<group>";
		};
		EB876BF1220B83D200AC31FD /* Soaper */ = {
			isa = PBXGroup;
			children = (
				EB876BF2220B83D200AC31FD /* AppDelegate.swift */,
				EB876BF4220B83D200AC31FD /* ViewController.swift */,
				EB876BF9220B83D300AC31FD /* Assets.xcassets */,
				EB876BFB220B83D300AC31FD /* Main.storyboard */,
				EB876BFE220B83D300AC31FD /* Info.plist */,
				EB876BFF220B83D300AC31FD /* Soaper.entitlements */,
				EB876BF6220B83D200AC31FD /* Soaper.xcdatamodeld */,
			);
			path = Soaper;
			sourceTree = "<group>";
		};
/* End PBXGroup section */

/* Begin PBXNativeTarget section */
		EB876BEE220B83D100AC31FD /* Soaper */ = {
			isa = PBXNativeTarget;
			buildConfigurationList = EB876C02220B83D300AC31FD /* Build configuration list for PBXNativeTarget "Soaper" */;
			buildPhases = (
				EB876BEB220B83D100AC31FD /* Sources */,
				EB876BEC220B83D100AC31FD /* Frameworks */,
				EB876BED220B83D100AC31FD /* Resources */,
			);
			buildRules = (
			);
			dependencies = (
			);
			name = Soaper;
			productName = Soaper;
			productReference = EB876BEF220B83D100AC31FD /* Soaper.app */;
			productType = "com.apple.product-type.application";
		};
/* End PBXNativeTarget section */

/* Begin PBXProject section */
		EB876BE7220B83D100AC31FD /* Project object */ = {
			isa = PBXProject;
			attributes = {
				LastSwiftUpdateCheck = 1000;
				LastUpgradeCheck = 1000;
				ORGANIZATIONNAME = "Ben Shockley";
				TargetAttributes = {
					EB876BEE220B83D100AC31FD = {
						CreatedOnToolsVersion = 10.0;
					};
				};
			};
			buildConfigurationList = EB876BEA220B83D100AC31FD /* Build configuration list for PBXProject "Soaper" */;
			compatibilityVersion = "Xcode 9.3";
			developmentRegion = en;
			hasScannedForEncodings = 0;
			knownRegions = (
				en,
				Base,
			);
			mainGroup = EB876BE6220B83D100AC31FD;
			productRefGroup = EB876BF0220B83D100AC31FD /* Products */;
			projectDirPath = "";
			projectRoot = "";
			targets = (
				EB876BEE220B83D100AC31FD /* Soaper */,
			);
		};
/* End PBXProject section */

/* Begin PBXResourcesBuildPhase section */
		EB876BED220B83D100AC31FD /* Resources */ = {
			isa = PBXResourcesBuildPhase;
			buildActionMask = 2147483647;
			files = (
				EB876BFA220B83D300AC31FD /* Assets.xcassets in Resources */,
				EB876BFD220B83D300AC31FD /* Main.storyboard in Resources */,
			);
			runOnlyForDeploymentPostprocessing = 0;
		};
/* End PBXResourcesBuildPhase section */

/* Begin PBXSourcesBuildPhase section */
		EB876BEB220B83D100AC31FD /* Sources */ = {
			isa = PBXSourcesBuildPhase;
			buildActionMask = 2147483647;
			files = (
				EB876BF8220B83D200AC31FD /* Soaper.xcdatamodeld in Sources */,
				EB876BF5220B83D200AC31FD /* ViewController.swift in Sources */,
				EB876BF3220B83D200AC31FD /* AppDelegate.swift in Sources */,
			);
			runOnlyForDeploymentPostprocessing = 0;
		};
/* End PBXSourcesBuildPhase section */

/* Begin PBXVariantGroup section */
		EB876BFB220B83D300AC31FD /* Main.storyboard */ = {
			isa = PBXVariantGroup;
			children = (
				EB876BFC220B83D300AC31FD /* Base */,
			);
			name = Main.storyboard;
			sourceTree = "<group>";
		};
/* End PBXVariantGroup section */

/* Begin XCBuildConfiguration section */
		EB876C00220B83D300AC31FD /* Debug */ = {
			isa = XCBuildConfiguration;
			buildSettings = {
				ALWAYS_SEARCH_USER_PATHS = NO;
				CLANG_ANALYZER_NONNULL = YES;
				CLANG_ANALYZER_NUMBER_OBJECT_CONVERSION = YES_AGGRESSIVE;
				CLANG_CXX_LANGUAGE_STANDARD = "gnu++14";
				CLANG_CXX_LIBRARY = "libc++";
				CLANG_ENABLE_MODULES = YES;
				CLANG_ENABLE_OBJC_ARC = YES;
				CLANG_ENABLE_OBJC_WEAK = YES;
				CLANG_WARN_BLOCK_CAPTURE_AUTORELEASING = YES;
				CLANG_WARN_BOOL_CONVERSION = YES;
				CLANG_WARN_COMMA = YES;
				CLANG_WARN_CONSTANT_CONVERSION = YES;
				CLANG_WARN_DEPRECATED_OBJC_IMPLEMENTATIONS = YES;
				CLANG_WARN_DIRECT_OBJC_ISA_USAGE = YES_ERROR;
				CLANG_WARN_DOCUMENTATION_COMMENTS = YES;
				CLANG_WARN_EMPTY_BODY = YES;
				CLANG_WARN_ENUM_CONVERSION = YES;
				CLANG_WARN_INFINITE_RECURSION = YES;
				CLANG_WARN_INT_CONVERSION = YES;
				CLANG_WARN_NON_LITERAL_NULL_CONVERSION = YES;
				CLANG_WARN_OBJC_IMPLICIT_RETAIN_SELF = YES;
				CLANG_WARN_OBJC_LITERAL_CONVERSION = YES;
				CLANG_WARN_OBJC_ROOT_CLASS = YES_ERROR;
				CLANG_WARN_RANGE_LOOP_ANALYSIS = YES;
				CLANG_WARN_STRICT_PROTOTYPES = YES;
				CLANG_WARN_SUSPICIOUS_MOVE = YES;
				CLANG_WARN_UNGUARDED_AVAILABILITY = YES_AGGRESSIVE;
				CLANG_WARN_UNREACHABLE_CODE = YES;
				CLANG_WARN__DUPLICATE_METHOD_MATCH = YES;
				CODE_SIGN_IDENTITY = "Mac Developer";
				COPY_PHASE_STRIP = NO;
				DEBUG_INFORMATION_FORMAT = dwarf;
				ENABLE_STRICT_OBJC_MSGSEND = YES;
				ENABLE_TESTABILITY = YES;
				GCC_C_LANGUAGE_STANDARD = gnu11;
				GCC_DYNAMIC_NO_PIC = NO;
				GCC_NO_COMMON_BLOCKS = YES;
				GCC_OPTIMIZATION_LEVEL = 0;
				GCC_PREPROCESSOR_DEFINITIONS = (
					"DEBUG=1",
					"$(inherited)",
				);
				GCC_WARN_64_TO_32_BIT_CONVERSION = YES;
				GCC_WARN_ABOUT_RETURN_TYPE = YES_ERROR;
				GCC_WARN_UNDECLARED_SELECTOR = YES;
				GCC_WARN_UNINITIALIZED_AUTOS = YES_AGGRESSIVE;
				GCC_WARN_UNUSED_FUNCTION = YES;
				GCC_WARN_UNUSED_VARIABLE = YES;
				MACOSX_DEPLOYMENT_TARGET = 10.14;
				MTL_ENABLE_DEBUG_INFO = INCLUDE_SOURCE;
				MTL_FAST_MATH = YES;
				ONLY_ACTIVE_ARCH = YES;
				SDKROOT = macosx;
				SWIFT_ACTIVE_COMPILATION_CONDITIONS = DEBUG;
				SWIFT_OPTIMIZATION_LEVEL = "-Onone";
			};
			name = Debug;
		};
		EB876C01220B83D300AC31FD /* Release */ = {
			isa = XCBuildConfiguration;
			buildSettings = {
				ALWAYS_SEARCH_USER_PATHS = NO;
				CLANG_ANALYZER_NONNULL = YES;
				CLANG_ANALYZER_NUMBER_OBJECT_CONVERSION = YES_AGGRESSIVE;
				CLANG_CXX_LANGUAGE_STANDARD = "gnu++14";
				CLANG_CXX_LIBRARY = "libc++";
				CLANG_ENABLE_MODULES = YES;
				CLANG_ENABLE_OBJC_ARC = YES;
				CLANG_ENABLE_OBJC_WEAK = YES;
				CLANG_WARN_BLOCK_CAPTURE_AUTORELEASING = YES;
				CLANG_WARN_BOOL_CONVERSION = YES;
				CLANG_WARN_COMMA = YES;
				CLANG_WARN_CONSTANT_CONVERSION = YES;
				CLANG_WARN_DEPRECATED_OBJC_IMPLEMENTATIONS = YES;
				CLANG_WARN_DIRECT_OBJC_ISA_USAGE = YES_ERROR;
				CLANG_WARN_DOCUMENTATION_COMMENTS = YES;
				CLANG_WARN_EMPTY_BODY = YES;
				CLANG_WARN_ENUM_CONVERSION = YES;
				CLANG_WARN_INFINITE_RECURSION = YES;
				CLANG_WARN_INT_CONVERSION = YES;
				CLANG_WARN_NON_LITERAL_NULL_CONVERSION = YES;
				CLANG_WARN_OBJC_IMPLICIT_RETAIN_SELF = YES;
				CLANG_WARN_OBJC_LITERAL_CONVERSION = YES;
				CLANG_WARN_OBJC_ROOT_CLASS = YES_ERROR;
				CLANG_WARN_RANGE_LOOP_ANALYSIS = YES;
				CLANG_WARN_STRICT_PROTOTYPES = YES;
				CLANG_WARN_SUSPICIOUS_MOVE = YES;
				CLANG_WARN_UNGUARDED_AVAILABILITY = YES_AGGRESSIVE;
				CLANG_WARN_UNREACHABLE_CODE = YES;
				CLANG_WARN__DUPLICATE_METHOD_MATCH = YES;
				CODE_SIGN_IDENTITY = "Mac Developer";
				COPY_PHASE_STRIP = NO;
				DEBUG_INFORMATION_FORMAT = "dwarf-with-dsym";
				ENABLE_NS_ASSERTIONS = NO;
				ENABLE_STRICT_OBJC_MSGSEND = YES;
				GCC_C_LANGUAGE_STANDARD = gnu11;
				GCC_NO_COMMON_BLOCKS = YES;
				GCC_WARN_64_TO_32_BIT_CONVERSION = YES;
				GCC_WARN_ABOUT_RETURN_TYPE = YES_ERROR;
				GCC_WARN_UNDECLARED_SELECTOR = YES;
				GCC_WARN_UNINITIALIZED_AUTOS = YES_AGGRESSIVE;
				GCC_WARN_UNUSED_FUNCTION = YES;
				GCC_WARN_UNUSED_VARIABLE = YES;
				MACOSX_DEPLOYMENT_TARGET = 10.14;
				MTL_ENABLE_DEBUG_INFO = NO;
				MTL_FAST_MATH = YES;
				SDKROOT = macosx;
				SWIFT_COMPILATION_MODE = wholemodule;
				SWIFT_OPTIMIZATION_LEVEL = "-O";
			};
			name = Release;
		};
		EB876C03220B83D300AC31FD /* Debug */ = {
			isa = XCBuildConfiguration;
			buildSettings = {
				ASSETCATALOG_COMPILER_APPICON_NAME = AppIcon;
				CODE_SIGN_ENTITLEMENTS = Soaper/Soaper.entitlements;
				CODE_SIGN_STYLE = Automatic;
				COMBINE_HIDPI_IMAGES = YES;
				DEVELOPMENT_TEAM = M2E574EG2U;
				INFOPLIST_FILE = Soaper/Info.plist;
				LD_RUNPATH_SEARCH_PATHS = (
					"$(inherited)",
					"@executable_path/../Frameworks",
				);
				PRODUCT_BUNDLE_IDENTIFIER = com.shockedstudios.Soaper;
				PRODUCT_NAME = "$(TARGET_NAME)";
				SWIFT_VERSION = 4.2;
			};
			name = Debug;
		};
		EB876C04220B83D300AC31FD /* Release */ = {
			isa = XCBuildConfiguration;
			buildSettings = {
				ASSETCATALOG_COMPILER_APPICON_NAME = AppIcon;
				CODE_SIGN_ENTITLEMENTS = Soaper/Soaper.entitlements;
				CODE_SIGN_STYLE = Automatic;
				COMBINE_HIDPI_IMAGES = YES;
				DEVELOPMENT_TEAM = M2E574EG2U;
				INFOPLIST_FILE = Soaper/Info.plist;
				LD_RUNPATH_SEARCH_PATHS = (
					"$(inherited)",
					"@executable_path/../Frameworks",
				);
				PRODUCT_BUNDLE_IDENTIFIER = com.shockedstudios.Soaper;
				PRODUCT_NAME = "$(TARGET_NAME)";
				SWIFT_VERSION = 4.2;
			};
			name = Release;
		};
/* End XCBuildConfiguration section */

/* Begin XCConfigurationList section */
		EB876BEA220B83D100AC31FD /* Build configuration list for PBXProject "Soaper" */ = {
			isa = XCConfigurationList;
			buildConfigurations = (
				EB876C00220B83D300AC31FD /* Debug */,
				EB876C01220B83D300AC31FD /* Release */,
			);
			defaultConfigurationIsVisible = 0;
			defaultConfigurationName = Release;
		};
		EB876C02220B83D300AC31FD /* Build configuration list for PBXNativeTarget "Soaper" */ = {
			isa = XCConfigurationList;
			buildConfigurations = (
				EB876C03220B83D300AC31FD /* Debug */,
				EB876C04220B83D300AC31FD /* Release */,
			);
			defaultConfigurationIsVisible = 0;
			defaultConfigurationName = Release;
		};
/* End XCConfigurationList section */

/* Begin XCVersionGroup section */
		EB876BF6220B83D200AC31FD /* Soaper.xcdatamodeld */ = {
			isa = XCVersionGroup;
			children = (
				EB876BF7220B83D200AC31FD /* Soaper.xcdatamodel */,
			);
			currentVersion = EB876BF7220B83D200AC31FD /* Soaper.xcdatamodel */;
			path = Soaper.xcdatamodeld;
			sourceTree = "<group>";
			versionGroupType = wrapper.xcdatamodel;
		};
/* End XCVersionGroup section */
	};
	rootObject = EB876BE7220B83D100AC31FD /* Project object */;
}
